// !$*UTF8*$!
{
	archiveVersion = 1;
	classes = {
	};
	objectVersion = 50;
	objects = {

/* Begin PBXBuildFile section */
		85D758E1245636B5008175F0 /* MockENFramework.framework in Frameworks */ = {isa = PBXBuildFile; fileRef = 85D758D7245636B5008175F0 /* MockENFramework.framework */; };
		85D758E6245636B5008175F0 /* MockENFrameworkTests.swift in Sources */ = {isa = PBXBuildFile; fileRef = 85D758E5245636B5008175F0 /* MockENFrameworkTests.swift */; };
		85D758E8245636B5008175F0 /* MockENFramework.h in Headers */ = {isa = PBXBuildFile; fileRef = 85D758DA245636B5008175F0 /* MockENFramework.h */; settings = {ATTRIBUTES = (Public, ); }; };
		85D758F2245636E3008175F0 /* MockENFramework.swift in Sources */ = {isa = PBXBuildFile; fileRef = 85D758F1245636E3008175F0 /* MockENFramework.swift */; };
		85D7597F24570818008175F0 /* ENMockFramework.swift in Sources */ = {isa = PBXBuildFile; fileRef = 85D7597E24570818008175F0 /* ENMockFramework.swift */; };
/* End PBXBuildFile section */

/* Begin PBXContainerItemProxy section */
		85D758E2245636B5008175F0 /* PBXContainerItemProxy */ = {
			isa = PBXContainerItemProxy;
			containerPortal = 85D758CE245636B5008175F0 /* Project object */;
			proxyType = 1;
			remoteGlobalIDString = 85D758D6245636B5008175F0;
			remoteInfo = MockENFramework;
		};
/* End PBXContainerItemProxy section */

/* Begin PBXFileReference section */
		85D758D7245636B5008175F0 /* MockENFramework.framework */ = {isa = PBXFileReference; explicitFileType = wrapper.framework; includeInIndex = 0; path = MockENFramework.framework; sourceTree = BUILT_PRODUCTS_DIR; };
		85D758DA245636B5008175F0 /* MockENFramework.h */ = {isa = PBXFileReference; lastKnownFileType = sourcecode.c.h; path = MockENFramework.h; sourceTree = "<group>"; };
		85D758DB245636B5008175F0 /* Info.plist */ = {isa = PBXFileReference; lastKnownFileType = text.plist.xml; path = Info.plist; sourceTree = "<group>"; };
		85D758E0245636B5008175F0 /* MockENFrameworkTests.xctest */ = {isa = PBXFileReference; explicitFileType = wrapper.cfbundle; includeInIndex = 0; path = MockENFrameworkTests.xctest; sourceTree = BUILT_PRODUCTS_DIR; };
		85D758E5245636B5008175F0 /* MockENFrameworkTests.swift */ = {isa = PBXFileReference; lastKnownFileType = sourcecode.swift; path = MockENFrameworkTests.swift; sourceTree = "<group>"; };
		85D758E7245636B5008175F0 /* Info.plist */ = {isa = PBXFileReference; lastKnownFileType = text.plist.xml; path = Info.plist; sourceTree = "<group>"; };
		85D758F1245636E3008175F0 /* MockENFramework.swift */ = {isa = PBXFileReference; lastKnownFileType = sourcecode.swift; path = MockENFramework.swift; sourceTree = "<group>"; };
		85D7597E24570818008175F0 /* ENMockFramework.swift */ = {isa = PBXFileReference; fileEncoding = 4; lastKnownFileType = sourcecode.swift; path = ENMockFramework.swift; sourceTree = "<group>"; };
/* End PBXFileReference section */

/* Begin PBXFrameworksBuildPhase section */
		85D758D4245636B5008175F0 /* Frameworks */ = {
			isa = PBXFrameworksBuildPhase;
			buildActionMask = 2147483647;
			files = (
			);
			runOnlyForDeploymentPostprocessing = 0;
		};
		85D758DD245636B5008175F0 /* Frameworks */ = {
			isa = PBXFrameworksBuildPhase;
			buildActionMask = 2147483647;
			files = (
				85D758E1245636B5008175F0 /* MockENFramework.framework in Frameworks */,
			);
			runOnlyForDeploymentPostprocessing = 0;
		};
/* End PBXFrameworksBuildPhase section */

/* Begin PBXGroup section */
		85D758CD245636B5008175F0 = {
			isa = PBXGroup;
			children = (
				85D758D9245636B5008175F0 /* MockENFramework */,
				85D758E4245636B5008175F0 /* MockENFrameworkTests */,
				85D758D8245636B5008175F0 /* Products */,
			);
			sourceTree = "<group>";
		};
		85D758D8245636B5008175F0 /* Products */ = {
			isa = PBXGroup;
			children = (
				85D758D7245636B5008175F0 /* MockENFramework.framework */,
				85D758E0245636B5008175F0 /* MockENFrameworkTests.xctest */,
			);
			name = Products;
			sourceTree = "<group>";
		};
		85D758D9245636B5008175F0 /* MockENFramework */ = {
			isa = PBXGroup;
			children = (
				85D7597E24570818008175F0 /* ENMockFramework.swift */,
				85D758DA245636B5008175F0 /* MockENFramework.h */,
				85D758DB245636B5008175F0 /* Info.plist */,
				85D758F1245636E3008175F0 /* MockENFramework.swift */,
			);
			path = MockENFramework;
			sourceTree = "<group>";
		};
		85D758E4245636B5008175F0 /* MockENFrameworkTests */ = {
			isa = PBXGroup;
			children = (
				85D758E5245636B5008175F0 /* MockENFrameworkTests.swift */,
				85D758E7245636B5008175F0 /* Info.plist */,
			);
			path = MockENFrameworkTests;
			sourceTree = "<group>";
		};
/* End PBXGroup section */

/* Begin PBXHeadersBuildPhase section */
		85D758D2245636B5008175F0 /* Headers */ = {
			isa = PBXHeadersBuildPhase;
			buildActionMask = 2147483647;
			files = (
				85D758E8245636B5008175F0 /* MockENFramework.h in Headers */,
			);
			runOnlyForDeploymentPostprocessing = 0;
		};
/* End PBXHeadersBuildPhase section */

/* Begin PBXNativeTarget section */
		85D758D6245636B5008175F0 /* MockENFramework */ = {
			isa = PBXNativeTarget;
			buildConfigurationList = 85D758EB245636B5008175F0 /* Build configuration list for PBXNativeTarget "MockENFramework" */;
			buildPhases = (
				85D758D2245636B5008175F0 /* Headers */,
				85D758D3245636B5008175F0 /* Sources */,
				85D758D4245636B5008175F0 /* Frameworks */,
				85D758D5245636B5008175F0 /* Resources */,
			);
			buildRules = (
			);
			dependencies = (
			);
			name = MockENFramework;
			productName = MockENFramework;
			productReference = 85D758D7245636B5008175F0 /* MockENFramework.framework */;
			productType = "com.apple.product-type.framework";
		};
		85D758DF245636B5008175F0 /* MockENFrameworkTests */ = {
			isa = PBXNativeTarget;
			buildConfigurationList = 85D758EE245636B5008175F0 /* Build configuration list for PBXNativeTarget "MockENFrameworkTests" */;
			buildPhases = (
				85D758DC245636B5008175F0 /* Sources */,
				85D758DD245636B5008175F0 /* Frameworks */,
				85D758DE245636B5008175F0 /* Resources */,
			);
			buildRules = (
			);
			dependencies = (
				85D758E3245636B5008175F0 /* PBXTargetDependency */,
			);
			name = MockENFrameworkTests;
			productName = MockENFrameworkTests;
			productReference = 85D758E0245636B5008175F0 /* MockENFrameworkTests.xctest */;
			productType = "com.apple.product-type.bundle.unit-test";
		};
/* End PBXNativeTarget section */

/* Begin PBXProject section */
		85D758CE245636B5008175F0 /* Project object */ = {
			isa = PBXProject;
			attributes = {
				LastSwiftUpdateCheck = 1140;
				LastUpgradeCheck = 1140;
				ORGANIZATIONNAME = "SAP SE";
				TargetAttributes = {
					85D758D6245636B5008175F0 = {
						CreatedOnToolsVersion = 11.4.1;
						LastSwiftMigration = 1140;
					};
					85D758DF245636B5008175F0 = {
						CreatedOnToolsVersion = 11.4.1;
					};
				};
			};
			buildConfigurationList = 85D758D1245636B5008175F0 /* Build configuration list for PBXProject "MockENFramework" */;
			compatibilityVersion = "Xcode 9.3";
			developmentRegion = en;
			hasScannedForEncodings = 0;
			knownRegions = (
				en,
				Base,
			);
			mainGroup = 85D758CD245636B5008175F0;
			productRefGroup = 85D758D8245636B5008175F0 /* Products */;
			projectDirPath = "";
			projectRoot = "";
			targets = (
				85D758D6245636B5008175F0 /* MockENFramework */,
				85D758DF245636B5008175F0 /* MockENFrameworkTests */,
			);
		};
/* End PBXProject section */

/* Begin PBXResourcesBuildPhase section */
		85D758D5245636B5008175F0 /* Resources */ = {
			isa = PBXResourcesBuildPhase;
			buildActionMask = 2147483647;
			files = (
			);
			runOnlyForDeploymentPostprocessing = 0;
		};
		85D758DE245636B5008175F0 /* Resources */ = {
			isa = PBXResourcesBuildPhase;
			buildActionMask = 2147483647;
			files = (
			);
			runOnlyForDeploymentPostprocessing = 0;
		};
/* End PBXResourcesBuildPhase section */

/* Begin PBXSourcesBuildPhase section */
		85D758D3245636B5008175F0 /* Sources */ = {
			isa = PBXSourcesBuildPhase;
			buildActionMask = 2147483647;
			files = (
				85D758F2245636E3008175F0 /* MockENFramework.swift in Sources */,
				85D7597F24570818008175F0 /* ENMockFramework.swift in Sources */,
			);
			runOnlyForDeploymentPostprocessing = 0;
		};
		85D758DC245636B5008175F0 /* Sources */ = {
			isa = PBXSourcesBuildPhase;
			buildActionMask = 2147483647;
			files = (
				85D758E6245636B5008175F0 /* MockENFrameworkTests.swift in Sources */,
			);
			runOnlyForDeploymentPostprocessing = 0;
		};
/* End PBXSourcesBuildPhase section */

/* Begin PBXTargetDependency section */
		85D758E3245636B5008175F0 /* PBXTargetDependency */ = {
			isa = PBXTargetDependency;
			target = 85D758D6245636B5008175F0 /* MockENFramework */;
			targetProxy = 85D758E2245636B5008175F0 /* PBXContainerItemProxy */;
		};
/* End PBXTargetDependency section */

/* Begin XCBuildConfiguration section */
		85D758E9245636B5008175F0 /* Debug */ = {
			isa = XCBuildConfiguration;
			buildSettings = {
				ALWAYS_SEARCH_USER_PATHS = NO;
				CLANG_ANALYZER_NONNULL = YES;
				CLANG_ANALYZER_NUMBER_OBJECT_CONVERSION = YES_AGGRESSIVE;
				CLANG_CXX_LANGUAGE_STANDARD = "gnu++14";
				CLANG_CXX_LIBRARY = "libc++";
				CLANG_ENABLE_MODULES = YES;
				CLANG_ENABLE_OBJC_ARC = YES;
				CLANG_ENABLE_OBJC_WEAK = YES;
				CLANG_WARN_BLOCK_CAPTURE_AUTORELEASING = YES;
				CLANG_WARN_BOOL_CONVERSION = YES;
				CLANG_WARN_COMMA = YES;
				CLANG_WARN_CONSTANT_CONVERSION = YES;
				CLANG_WARN_DEPRECATED_OBJC_IMPLEMENTATIONS = YES;
				CLANG_WARN_DIRECT_OBJC_ISA_USAGE = YES_ERROR;
				CLANG_WARN_DOCUMENTATION_COMMENTS = YES;
				CLANG_WARN_EMPTY_BODY = YES;
				CLANG_WARN_ENUM_CONVERSION = YES;
				CLANG_WARN_INFINITE_RECURSION = YES;
				CLANG_WARN_INT_CONVERSION = YES;
				CLANG_WARN_NON_LITERAL_NULL_CONVERSION = YES;
				CLANG_WARN_OBJC_IMPLICIT_RETAIN_SELF = YES;
				CLANG_WARN_OBJC_LITERAL_CONVERSION = YES;
				CLANG_WARN_OBJC_ROOT_CLASS = YES_ERROR;
				CLANG_WARN_RANGE_LOOP_ANALYSIS = YES;
				CLANG_WARN_STRICT_PROTOTYPES = YES;
				CLANG_WARN_SUSPICIOUS_MOVE = YES;
				CLANG_WARN_UNGUARDED_AVAILABILITY = YES_AGGRESSIVE;
				CLANG_WARN_UNREACHABLE_CODE = YES;
				CLANG_WARN__DUPLICATE_METHOD_MATCH = YES;
				COPY_PHASE_STRIP = NO;
				CURRENT_PROJECT_VERSION = 1;
				DEBUG_INFORMATION_FORMAT = dwarf;
				ENABLE_STRICT_OBJC_MSGSEND = YES;
				ENABLE_TESTABILITY = YES;
				GCC_C_LANGUAGE_STANDARD = gnu11;
				GCC_DYNAMIC_NO_PIC = NO;
				GCC_NO_COMMON_BLOCKS = YES;
				GCC_OPTIMIZATION_LEVEL = 0;
				GCC_PREPROCESSOR_DEFINITIONS = (
					"DEBUG=1",
					"$(inherited)",
				);
				GCC_WARN_64_TO_32_BIT_CONVERSION = YES;
				GCC_WARN_ABOUT_RETURN_TYPE = YES_ERROR;
				GCC_WARN_UNDECLARED_SELECTOR = YES;
				GCC_WARN_UNINITIALIZED_AUTOS = YES_AGGRESSIVE;
				GCC_WARN_UNUSED_FUNCTION = YES;
				GCC_WARN_UNUSED_VARIABLE = YES;
				IPHONEOS_DEPLOYMENT_TARGET = 13.4;
				MTL_ENABLE_DEBUG_INFO = INCLUDE_SOURCE;
				MTL_FAST_MATH = YES;
				ONLY_ACTIVE_ARCH = YES;
				SDKROOT = iphoneos;
				SWIFT_ACTIVE_COMPILATION_CONDITIONS = DEBUG;
				SWIFT_OPTIMIZATION_LEVEL = "-Onone";
				VERSIONING_SYSTEM = "apple-generic";
				VERSION_INFO_PREFIX = "";
			};
			name = Debug;
		};
		85D758EA245636B5008175F0 /* Release */ = {
			isa = XCBuildConfiguration;
			buildSettings = {
				ALWAYS_SEARCH_USER_PATHS = NO;
				CLANG_ANALYZER_NONNULL = YES;
				CLANG_ANALYZER_NUMBER_OBJECT_CONVERSION = YES_AGGRESSIVE;
				CLANG_CXX_LANGUAGE_STANDARD = "gnu++14";
				CLANG_CXX_LIBRARY = "libc++";
				CLANG_ENABLE_MODULES = YES;
				CLANG_ENABLE_OBJC_ARC = YES;
				CLANG_ENABLE_OBJC_WEAK = YES;
				CLANG_WARN_BLOCK_CAPTURE_AUTORELEASING = YES;
				CLANG_WARN_BOOL_CONVERSION = YES;
				CLANG_WARN_COMMA = YES;
				CLANG_WARN_CONSTANT_CONVERSION = YES;
				CLANG_WARN_DEPRECATED_OBJC_IMPLEMENTATIONS = YES;
				CLANG_WARN_DIRECT_OBJC_ISA_USAGE = YES_ERROR;
				CLANG_WARN_DOCUMENTATION_COMMENTS = YES;
				CLANG_WARN_EMPTY_BODY = YES;
				CLANG_WARN_ENUM_CONVERSION = YES;
				CLANG_WARN_INFINITE_RECURSION = YES;
				CLANG_WARN_INT_CONVERSION = YES;
				CLANG_WARN_NON_LITERAL_NULL_CONVERSION = YES;
				CLANG_WARN_OBJC_IMPLICIT_RETAIN_SELF = YES;
				CLANG_WARN_OBJC_LITERAL_CONVERSION = YES;
				CLANG_WARN_OBJC_ROOT_CLASS = YES_ERROR;
				CLANG_WARN_RANGE_LOOP_ANALYSIS = YES;
				CLANG_WARN_STRICT_PROTOTYPES = YES;
				CLANG_WARN_SUSPICIOUS_MOVE = YES;
				CLANG_WARN_UNGUARDED_AVAILABILITY = YES_AGGRESSIVE;
				CLANG_WARN_UNREACHABLE_CODE = YES;
				CLANG_WARN__DUPLICATE_METHOD_MATCH = YES;
				COPY_PHASE_STRIP = NO;
				CURRENT_PROJECT_VERSION = 1;
				DEBUG_INFORMATION_FORMAT = "dwarf-with-dsym";
				ENABLE_NS_ASSERTIONS = NO;
				ENABLE_STRICT_OBJC_MSGSEND = YES;
				GCC_C_LANGUAGE_STANDARD = gnu11;
				GCC_NO_COMMON_BLOCKS = YES;
				GCC_WARN_64_TO_32_BIT_CONVERSION = YES;
				GCC_WARN_ABOUT_RETURN_TYPE = YES_ERROR;
				GCC_WARN_UNDECLARED_SELECTOR = YES;
				GCC_WARN_UNINITIALIZED_AUTOS = YES_AGGRESSIVE;
				GCC_WARN_UNUSED_FUNCTION = YES;
				GCC_WARN_UNUSED_VARIABLE = YES;
				IPHONEOS_DEPLOYMENT_TARGET = 13.4;
				MTL_ENABLE_DEBUG_INFO = NO;
				MTL_FAST_MATH = YES;
				SDKROOT = iphoneos;
				SWIFT_COMPILATION_MODE = wholemodule;
				SWIFT_OPTIMIZATION_LEVEL = "-O";
				VALIDATE_PRODUCT = YES;
				VERSIONING_SYSTEM = "apple-generic";
				VERSION_INFO_PREFIX = "";
			};
			name = Release;
		};
		85D758EC245636B5008175F0 /* Debug */ = {
			isa = XCBuildConfiguration;
			buildSettings = {
				CLANG_ENABLE_MODULES = YES;
				CODE_SIGN_STYLE = Automatic;
				DEFINES_MODULE = YES;
				DEVELOPMENT_TEAM = 75QSJ8SMAA;
				DYLIB_COMPATIBILITY_VERSION = 1;
				DYLIB_CURRENT_VERSION = 1;
				DYLIB_INSTALL_NAME_BASE = "@rpath";
				INFOPLIST_FILE = MockENFramework/Info.plist;
				INSTALL_PATH = "$(LOCAL_LIBRARY_DIR)/Frameworks";
				LD_RUNPATH_SEARCH_PATHS = (
					"$(inherited)",
					"@executable_path/Frameworks",
					"@loader_path/Frameworks",
				);
				PRODUCT_BUNDLE_IDENTIFIER = com.sap.ux.MockENFramework;
				PRODUCT_NAME = "$(TARGET_NAME:c99extidentifier)";
				SKIP_INSTALL = YES;
				SWIFT_OPTIMIZATION_LEVEL = "-Onone";
				SWIFT_VERSION = 5.0;
				TARGETED_DEVICE_FAMILY = "1,2";
			};
			name = Debug;
		};
		85D758ED245636B5008175F0 /* Release */ = {
			isa = XCBuildConfiguration;
			buildSettings = {
				CLANG_ENABLE_MODULES = YES;
				CODE_SIGN_STYLE = Automatic;
				DEFINES_MODULE = YES;
				DEVELOPMENT_TEAM = 75QSJ8SMAA;
				DYLIB_COMPATIBILITY_VERSION = 1;
				DYLIB_CURRENT_VERSION = 1;
				DYLIB_INSTALL_NAME_BASE = "@rpath";
				INFOPLIST_FILE = MockENFramework/Info.plist;
				INSTALL_PATH = "$(LOCAL_LIBRARY_DIR)/Frameworks";
				LD_RUNPATH_SEARCH_PATHS = (
					"$(inherited)",
					"@executable_path/Frameworks",
					"@loader_path/Frameworks",
				);
				PRODUCT_BUNDLE_IDENTIFIER = com.sap.ux.MockENFramework;
				PRODUCT_NAME = "$(TARGET_NAME:c99extidentifier)";
				SKIP_INSTALL = YES;
				SWIFT_VERSION = 5.0;
				TARGETED_DEVICE_FAMILY = "1,2";
			};
			name = Release;
		};
		85D758EF245636B5008175F0 /* Debug */ = {
			isa = XCBuildConfiguration;
			buildSettings = {
				ALWAYS_EMBED_SWIFT_STANDARD_LIBRARIES = YES;
				CODE_SIGN_STYLE = Automatic;
				DEVELOPMENT_TEAM = 75QSJ8SMAA;
				INFOPLIST_FILE = MockENFrameworkTests/Info.plist;
				LD_RUNPATH_SEARCH_PATHS = (
					"$(inherited)",
					"@executable_path/Frameworks",
					"@loader_path/Frameworks",
				);
				PRODUCT_BUNDLE_IDENTIFIER = com.sap.ux.MockENFrameworkTests;
				PRODUCT_NAME = "$(TARGET_NAME)";
				SWIFT_VERSION = 5.0;
				TARGETED_DEVICE_FAMILY = "1,2";
			};
			name = Debug;
		};
		85D758F0245636B5008175F0 /* Release */ = {
			isa = XCBuildConfiguration;
			buildSettings = {
				ALWAYS_EMBED_SWIFT_STANDARD_LIBRARIES = YES;
				CODE_SIGN_STYLE = Automatic;
				DEVELOPMENT_TEAM = 75QSJ8SMAA;
				INFOPLIST_FILE = MockENFrameworkTests/Info.plist;
				LD_RUNPATH_SEARCH_PATHS = (
					"$(inherited)",
					"@executable_path/Frameworks",
					"@loader_path/Frameworks",
				);
				PRODUCT_BUNDLE_IDENTIFIER = com.sap.ux.MockENFrameworkTests;
				PRODUCT_NAME = "$(TARGET_NAME)";
				SWIFT_VERSION = 5.0;
				TARGETED_DEVICE_FAMILY = "1,2";
			};
			name = Release;
		};
/* End XCBuildConfiguration section */

/* Begin XCConfigurationList section */
		85D758D1245636B5008175F0 /* Build configuration list for PBXProject "MockENFramework" */ = {
			isa = XCConfigurationList;
			buildConfigurations = (
				85D758E9245636B5008175F0 /* Debug */,
				85D758EA245636B5008175F0 /* Release */,
			);
			defaultConfigurationIsVisible = 0;
			defaultConfigurationName = Release;
		};
		85D758EB245636B5008175F0 /* Build configuration list for PBXNativeTarget "MockENFramework" */ = {
			isa = XCConfigurationList;
			buildConfigurations = (
				85D758EC245636B5008175F0 /* Debug */,
				85D758ED245636B5008175F0 /* Release */,
			);
			defaultConfigurationIsVisible = 0;
			defaultConfigurationName = Release;
		};
		85D758EE245636B5008175F0 /* Build configuration list for PBXNativeTarget "MockENFrameworkTests" */ = {
			isa = XCConfigurationList;
			buildConfigurations = (
				85D758EF245636B5008175F0 /* Debug */,
				85D758F0245636B5008175F0 /* Release */,
			);
			defaultConfigurationIsVisible = 0;
			defaultConfigurationName = Release;
		};
/* End XCConfigurationList section */
	};
	rootObject = 85D758CE245636B5008175F0 /* Project object */;
}
