// !$*UTF8*$!
{
	archiveVersion = 1;
	classes = {
	};
	objectVersion = 50;
	objects = {

/* Begin PBXBuildFile section */
		50164489240CFC26005FA948 /* ColorManagementTests.swift in Sources */ = {isa = PBXBuildFile; fileRef = 50164488240CFC26005FA948 /* ColorManagementTests.swift */; };
		502BF537236399BB00FDE7BF /* AppDelegate.swift in Sources */ = {isa = PBXBuildFile; fileRef = 502BF536236399BB00FDE7BF /* AppDelegate.swift */; };
		502BF539236399BB00FDE7BF /* SceneDelegate.swift in Sources */ = {isa = PBXBuildFile; fileRef = 502BF538236399BB00FDE7BF /* SceneDelegate.swift */; };
		502BF53D236399BD00FDE7BF /* Assets.xcassets in Resources */ = {isa = PBXBuildFile; fileRef = 502BF53C236399BD00FDE7BF /* Assets.xcassets */; };
		502BF540236399BD00FDE7BF /* Preview Assets.xcassets in Resources */ = {isa = PBXBuildFile; fileRef = 502BF53F236399BD00FDE7BF /* Preview Assets.xcassets */; };
		502BF543236399BD00FDE7BF /* LaunchScreen.storyboard in Resources */ = {isa = PBXBuildFile; fileRef = 502BF541236399BD00FDE7BF /* LaunchScreen.storyboard */; };
		502BF54E236399BD00FDE7BF /* Kurzwahl2020Tests.swift in Sources */ = {isa = PBXBuildFile; fileRef = 502BF54D236399BD00FDE7BF /* Kurzwahl2020Tests.swift */; };
		505B608D240C57FB0041A592 /* ColorSelectView.swift in Sources */ = {isa = PBXBuildFile; fileRef = 505B608C240C57FB0041A592 /* ColorSelectView.swift */; };
		505F052623BDF0290032B776 /* StorageTests.swift in Sources */ = {isa = PBXBuildFile; fileRef = 505F052523BDF0290032B776 /* StorageTests.swift */; };
		505F055B23C3C7E50032B776 /* HomeView.swift in Sources */ = {isa = PBXBuildFile; fileRef = 505F055A23C3C7E50032B776 /* HomeView.swift */; };
		5094A7A62365E324004D0932 /* Notizen.rtf in Resources */ = {isa = PBXBuildFile; fileRef = 5094A7A52365E324004D0932 /* Notizen.rtf */; };
		509989AA23B9466300C19C15 /* kurzwahlModel.swift in Sources */ = {isa = PBXBuildFile; fileRef = 509989A923B9466300C19C15 /* kurzwahlModel.swift */; };
		50AD8B6A23D8EDEB00819FD1 /* ContactView.swift in Sources */ = {isa = PBXBuildFile; fileRef = 50AD8B6923D8EDEB00819FD1 /* ContactView.swift */; };
		50ADCF822369C135007B248B /* ColorManagement.swift in Sources */ = {isa = PBXBuildFile; fileRef = 50ADCF812369C135007B248B /* ColorManagement.swift */; };
		50ADCF842369C35F007B248B /* Storage.swift in Sources */ = {isa = PBXBuildFile; fileRef = 50ADCF832369C35F007B248B /* Storage.swift */; };
		50ADF97C240EAA3100850FB6 /* SelectColorPalette.swift in Sources */ = {isa = PBXBuildFile; fileRef = 50ADF97B240EAA3100850FB6 /* SelectColorPalette.swift */; };
		50C3564F2401C4510026ABE5 /* AskForAccessToContactsView.swift in Sources */ = {isa = PBXBuildFile; fileRef = 50C3564E2401C4510026ABE5 /* AskForAccessToContactsView.swift */; };
		50C8558C23D98EC400AAB7F2 /* ModelContacts.swift in Sources */ = {isa = PBXBuildFile; fileRef = 50C8558B23D98EC400AAB7F2 /* ModelContacts.swift */; };
		610ECBD22599F09700120781 /* AppStrings.swift in Sources */ = {isa = PBXBuildFile; fileRef = 613E3F7125969D4C00B69A5B /* AppStrings.swift */; };
		610ECBDB2599F1FB00120781 /* Localizable.strings in Resources */ = {isa = PBXBuildFile; fileRef = 7E4086102401EE6C00D50EF8 /* Localizable.strings */; };
		610ECBE12599F2FC00120781 /* TimeInterval+Convenience.swift in Sources */ = {isa = PBXBuildFile; fileRef = 610ECBE02599F2FC00120781 /* TimeInterval+Convenience.swift */; };
		613E3F7225969D4C00B69A5B /* AppStrings.swift in Sources */ = {isa = PBXBuildFile; fileRef = 613E3F7125969D4C00B69A5B /* AppStrings.swift */; };
		613E3F7325969D4C00B69A5B /* AppStrings.swift in Sources */ = {isa = PBXBuildFile; fileRef = 613E3F7125969D4C00B69A5B /* AppStrings.swift */; };
		615D99242597D1F200C4B280 /* CBC36_UITests.swift in Sources */ = {isa = PBXBuildFile; fileRef = 615D99232597D1F200C4B280 /* CBC36_UITests.swift */; };
		619134682599172000FEBF60 /* AccessibilityLabels.swift in Sources */ = {isa = PBXBuildFile; fileRef = 619134672599172000FEBF60 /* AccessibilityLabels.swift */; };
		7E16FDEF23D4AD92005DAAF3 /* PrivacyView.swift in Sources */ = {isa = PBXBuildFile; fileRef = 7E16FDEE23D4AD92005DAAF3 /* PrivacyView.swift */; };
		7E2E0DE623E5CA0700825EC1 /* ContactTest.swift in Sources */ = {isa = PBXBuildFile; fileRef = 7E2E0DE523E5CA0700825EC1 /* ContactTest.swift */; };
		7E3D6CFF23C9D4CB002E4239 /* StoreToFileTest.swift in Sources */ = {isa = PBXBuildFile; fileRef = 7E3D6CFE23C9D4CB002E4239 /* StoreToFileTest.swift */; };
		7E3D6D0323CB8FD7002E4239 /* AboutView.swift in Sources */ = {isa = PBXBuildFile; fileRef = 7E3D6D0223CB8FD7002E4239 /* AboutView.swift */; };
		7E3D6D0523CB997B002E4239 /* SettingsView.swift in Sources */ = {isa = PBXBuildFile; fileRef = 7E3D6D0423CB997B002E4239 /* SettingsView.swift */; };
		7E40860E2401EE6C00D50EF8 /* Localizable.strings in Resources */ = {isa = PBXBuildFile; fileRef = 7E4086102401EE6C00D50EF8 /* Localizable.strings */; };
		7E4C9C4923C3AA2700515E63 /* NavigationStack.swift in Sources */ = {isa = PBXBuildFile; fileRef = 7E4C9C4823C3AA2700515E63 /* NavigationStack.swift */; };
		7E5C786423E8AA3200E25902 /* ContactDetailView.swift in Sources */ = {isa = PBXBuildFile; fileRef = 7E5C786323E8AA3200E25902 /* ContactDetailView.swift */; };
		7E7AEC5D2496C44700CD1D6B /* AskForAccessToContactsView.swift in Sources */ = {isa = PBXBuildFile; fileRef = 50C3564E2401C4510026ABE5 /* AskForAccessToContactsView.swift */; };
		7E7AEC5E2496C44700CD1D6B /* AppDelegate.swift in Sources */ = {isa = PBXBuildFile; fileRef = 502BF536236399BB00FDE7BF /* AppDelegate.swift */; };
		7E7AEC5F2496C44700CD1D6B /* SelectColorPalette.swift in Sources */ = {isa = PBXBuildFile; fileRef = 50ADF97B240EAA3100850FB6 /* SelectColorPalette.swift */; };
		7E7AEC602496C44700CD1D6B /* ModelContacts.swift in Sources */ = {isa = PBXBuildFile; fileRef = 50C8558B23D98EC400AAB7F2 /* ModelContacts.swift */; };
		7E7AEC612496C44700CD1D6B /* PrivacyView.swift in Sources */ = {isa = PBXBuildFile; fileRef = 7E16FDEE23D4AD92005DAAF3 /* PrivacyView.swift */; };
		7E7AEC622496C44700CD1D6B /* HomeView.swift in Sources */ = {isa = PBXBuildFile; fileRef = 505F055A23C3C7E50032B776 /* HomeView.swift */; };
		7E7AEC632496C44700CD1D6B /* SceneDelegate.swift in Sources */ = {isa = PBXBuildFile; fileRef = 502BF538236399BB00FDE7BF /* SceneDelegate.swift */; };
		7E7AEC642496C44700CD1D6B /* AboutView.swift in Sources */ = {isa = PBXBuildFile; fileRef = 7E3D6D0223CB8FD7002E4239 /* AboutView.swift */; };
		7E7AEC652496C44700CD1D6B /* ContactDetailView.swift in Sources */ = {isa = PBXBuildFile; fileRef = 7E5C786323E8AA3200E25902 /* ContactDetailView.swift */; };
		7E7AEC662496C44700CD1D6B /* ColorManagement.swift in Sources */ = {isa = PBXBuildFile; fileRef = 50ADCF812369C135007B248B /* ColorManagement.swift */; };
		7E7AEC672496C44700CD1D6B /* Storage.swift in Sources */ = {isa = PBXBuildFile; fileRef = 50ADCF832369C35F007B248B /* Storage.swift */; };
		7E7AEC682496C44700CD1D6B /* ColorSelectView.swift in Sources */ = {isa = PBXBuildFile; fileRef = 505B608C240C57FB0041A592 /* ColorSelectView.swift */; };
		7E7AEC692496C44700CD1D6B /* editView.swift in Sources */ = {isa = PBXBuildFile; fileRef = 7EC1B80223C100E8004B7396 /* editView.swift */; };
		7E7AEC6A2496C44700CD1D6B /* NavigationStack.swift in Sources */ = {isa = PBXBuildFile; fileRef = 7E4C9C4823C3AA2700515E63 /* NavigationStack.swift */; };
		7E7AEC6B2496C44700CD1D6B /* ContactView.swift in Sources */ = {isa = PBXBuildFile; fileRef = 50AD8B6923D8EDEB00819FD1 /* ContactView.swift */; };
		7E7AEC6C2496C44700CD1D6B /* ColorConstants.swift in Sources */ = {isa = PBXBuildFile; fileRef = 7E8262882413920A008E141C /* ColorConstants.swift */; };
		7E7AEC6D2496C44700CD1D6B /* SettingsView.swift in Sources */ = {isa = PBXBuildFile; fileRef = 7E3D6D0423CB997B002E4239 /* SettingsView.swift */; };
		7E7AEC6E2496C44700CD1D6B /* kurzwahlModel.swift in Sources */ = {isa = PBXBuildFile; fileRef = 509989A923B9466300C19C15 /* kurzwahlModel.swift */; };
		7E7AEC712496C44700CD1D6B /* LaunchScreen.storyboard in Resources */ = {isa = PBXBuildFile; fileRef = 502BF541236399BD00FDE7BF /* LaunchScreen.storyboard */; };
		7E7AEC722496C44700CD1D6B /* Preview Assets.xcassets in Resources */ = {isa = PBXBuildFile; fileRef = 502BF53F236399BD00FDE7BF /* Preview Assets.xcassets */; };
		7E7AEC732496C44700CD1D6B /* Launch Screen 2.storyboard in Resources */ = {isa = PBXBuildFile; fileRef = 7E9EEEA124812C4B00990D38 /* Launch Screen 2.storyboard */; };
		7E7AEC742496C44700CD1D6B /* Localizable.strings in Resources */ = {isa = PBXBuildFile; fileRef = 7E4086102401EE6C00D50EF8 /* Localizable.strings */; };
		7E7AEC752496C44700CD1D6B /* Notizen.rtf in Resources */ = {isa = PBXBuildFile; fileRef = 5094A7A52365E324004D0932 /* Notizen.rtf */; };
		7E7AEC762496C44700CD1D6B /* Assets.xcassets in Resources */ = {isa = PBXBuildFile; fileRef = 502BF53C236399BD00FDE7BF /* Assets.xcassets */; };
		7E8262892413920A008E141C /* ColorConstants.swift in Sources */ = {isa = PBXBuildFile; fileRef = 7E8262882413920A008E141C /* ColorConstants.swift */; };
		7E9EEEA224812C4B00990D38 /* Launch Screen 2.storyboard in Resources */ = {isa = PBXBuildFile; fileRef = 7E9EEEA124812C4B00990D38 /* Launch Screen 2.storyboard */; };
		7EC1B80323C100E8004B7396 /* editView.swift in Sources */ = {isa = PBXBuildFile; fileRef = 7EC1B80223C100E8004B7396 /* editView.swift */; };
/* End PBXBuildFile section */

/* Begin PBXContainerItemProxy section */
		502BF54A236399BD00FDE7BF /* PBXContainerItemProxy */ = {
			isa = PBXContainerItemProxy;
			containerPortal = 502BF52B236399BB00FDE7BF /* Project object */;
			proxyType = 1;
			remoteGlobalIDString = 502BF532236399BB00FDE7BF;
			remoteInfo = Kurzwahl2020;
		};
		615D99262597D1F200C4B280 /* PBXContainerItemProxy */ = {
			isa = PBXContainerItemProxy;
			containerPortal = 502BF52B236399BB00FDE7BF /* Project object */;
			proxyType = 1;
			remoteGlobalIDString = 502BF532236399BB00FDE7BF;
			remoteInfo = "Call by Color 36";
		};
/* End PBXContainerItemProxy section */

/* Begin PBXFileReference section */
		50164488240CFC26005FA948 /* ColorManagementTests.swift */ = {isa = PBXFileReference; lastKnownFileType = sourcecode.swift; path = ColorManagementTests.swift; sourceTree = "<group>"; };
		502BF533236399BB00FDE7BF /* Call by Color 36.app */ = {isa = PBXFileReference; explicitFileType = wrapper.application; includeInIndex = 0; path = "Call by Color 36.app"; sourceTree = BUILT_PRODUCTS_DIR; };
		502BF536236399BB00FDE7BF /* AppDelegate.swift */ = {isa = PBXFileReference; lastKnownFileType = sourcecode.swift; path = AppDelegate.swift; sourceTree = "<group>"; };
		502BF538236399BB00FDE7BF /* SceneDelegate.swift */ = {isa = PBXFileReference; lastKnownFileType = sourcecode.swift; path = SceneDelegate.swift; sourceTree = "<group>"; };
		502BF53C236399BD00FDE7BF /* Assets.xcassets */ = {isa = PBXFileReference; lastKnownFileType = folder.assetcatalog; path = Assets.xcassets; sourceTree = "<group>"; };
		502BF53F236399BD00FDE7BF /* Preview Assets.xcassets */ = {isa = PBXFileReference; lastKnownFileType = folder.assetcatalog; path = "Preview Assets.xcassets"; sourceTree = "<group>"; };
		502BF542236399BD00FDE7BF /* Base */ = {isa = PBXFileReference; lastKnownFileType = file.storyboard; name = Base; path = Base.lproj/LaunchScreen.storyboard; sourceTree = "<group>"; };
		502BF544236399BD00FDE7BF /* Info.plist */ = {isa = PBXFileReference; lastKnownFileType = text.plist.xml; path = Info.plist; sourceTree = "<group>"; };
		502BF549236399BD00FDE7BF /* Kurzwahl2020Tests.xctest */ = {isa = PBXFileReference; explicitFileType = wrapper.cfbundle; includeInIndex = 0; path = Kurzwahl2020Tests.xctest; sourceTree = BUILT_PRODUCTS_DIR; };
		502BF54D236399BD00FDE7BF /* Kurzwahl2020Tests.swift */ = {isa = PBXFileReference; lastKnownFileType = sourcecode.swift; path = Kurzwahl2020Tests.swift; sourceTree = "<group>"; };
		502BF54F236399BD00FDE7BF /* Info.plist */ = {isa = PBXFileReference; lastKnownFileType = text.plist.xml; path = Info.plist; sourceTree = "<group>"; };
		505B608C240C57FB0041A592 /* ColorSelectView.swift */ = {isa = PBXFileReference; lastKnownFileType = sourcecode.swift; path = ColorSelectView.swift; sourceTree = "<group>"; };
		505F052523BDF0290032B776 /* StorageTests.swift */ = {isa = PBXFileReference; fileEncoding = 4; lastKnownFileType = sourcecode.swift; path = StorageTests.swift; sourceTree = "<group>"; };
		505F055A23C3C7E50032B776 /* HomeView.swift */ = {isa = PBXFileReference; lastKnownFileType = sourcecode.swift; path = HomeView.swift; sourceTree = "<group>"; };
		5094A7A52365E324004D0932 /* Notizen.rtf */ = {isa = PBXFileReference; lastKnownFileType = text.rtf; path = Notizen.rtf; sourceTree = "<group>"; };
		509989A923B9466300C19C15 /* kurzwahlModel.swift */ = {isa = PBXFileReference; lastKnownFileType = sourcecode.swift; path = kurzwahlModel.swift; sourceTree = "<group>"; };
		50AD8B6923D8EDEB00819FD1 /* ContactView.swift */ = {isa = PBXFileReference; lastKnownFileType = sourcecode.swift; path = ContactView.swift; sourceTree = "<group>"; };
		50ADCF812369C135007B248B /* ColorManagement.swift */ = {isa = PBXFileReference; lastKnownFileType = sourcecode.swift; path = ColorManagement.swift; sourceTree = "<group>"; };
		50ADCF832369C35F007B248B /* Storage.swift */ = {isa = PBXFileReference; lastKnownFileType = sourcecode.swift; path = Storage.swift; sourceTree = "<group>"; };
		50ADF97B240EAA3100850FB6 /* SelectColorPalette.swift */ = {isa = PBXFileReference; lastKnownFileType = sourcecode.swift; path = SelectColorPalette.swift; sourceTree = "<group>"; };
		50C3564E2401C4510026ABE5 /* AskForAccessToContactsView.swift */ = {isa = PBXFileReference; lastKnownFileType = sourcecode.swift; path = AskForAccessToContactsView.swift; sourceTree = "<group>"; };
		50C8558B23D98EC400AAB7F2 /* ModelContacts.swift */ = {isa = PBXFileReference; lastKnownFileType = sourcecode.swift; path = ModelContacts.swift; sourceTree = "<group>"; };
		610ECBE02599F2FC00120781 /* TimeInterval+Convenience.swift */ = {isa = PBXFileReference; fileEncoding = 4; lastKnownFileType = sourcecode.swift; path = "TimeInterval+Convenience.swift"; sourceTree = "<group>"; };
		613E3F7125969D4C00B69A5B /* AppStrings.swift */ = {isa = PBXFileReference; lastKnownFileType = sourcecode.swift; path = AppStrings.swift; sourceTree = "<group>"; };
		615D99212597D1F200C4B280 /* CBC36 UITests.xctest */ = {isa = PBXFileReference; explicitFileType = wrapper.cfbundle; includeInIndex = 0; path = "CBC36 UITests.xctest"; sourceTree = BUILT_PRODUCTS_DIR; };
		615D99232597D1F200C4B280 /* CBC36_UITests.swift */ = {isa = PBXFileReference; lastKnownFileType = sourcecode.swift; path = CBC36_UITests.swift; sourceTree = "<group>"; };
		615D99252597D1F200C4B280 /* Info.plist */ = {isa = PBXFileReference; lastKnownFileType = text.plist.xml; path = Info.plist; sourceTree = "<group>"; };
		619134672599172000FEBF60 /* AccessibilityLabels.swift */ = {isa = PBXFileReference; fileEncoding = 4; lastKnownFileType = sourcecode.swift; path = AccessibilityLabels.swift; sourceTree = "<group>"; };
		7E16FDEE23D4AD92005DAAF3 /* PrivacyView.swift */ = {isa = PBXFileReference; lastKnownFileType = sourcecode.swift; path = PrivacyView.swift; sourceTree = "<group>"; };
		7E2E0DE523E5CA0700825EC1 /* ContactTest.swift */ = {isa = PBXFileReference; lastKnownFileType = sourcecode.swift; path = ContactTest.swift; sourceTree = "<group>"; };
		7E3D6CFE23C9D4CB002E4239 /* StoreToFileTest.swift */ = {isa = PBXFileReference; lastKnownFileType = sourcecode.swift; path = StoreToFileTest.swift; sourceTree = "<group>"; };
		7E3D6D0223CB8FD7002E4239 /* AboutView.swift */ = {isa = PBXFileReference; lastKnownFileType = sourcecode.swift; path = AboutView.swift; sourceTree = "<group>"; wrapsLines = 1; };
		7E3D6D0423CB997B002E4239 /* SettingsView.swift */ = {isa = PBXFileReference; lastKnownFileType = sourcecode.swift; path = SettingsView.swift; sourceTree = "<group>"; };
		7E3D7D0E23B6BF2B00C0E29F /* SwiftUI Doc & Help.md */ = {isa = PBXFileReference; lastKnownFileType = net.daringfireball.markdown; path = "SwiftUI Doc & Help.md"; sourceTree = "<group>"; };
		7E40860B2401EDB000D50EF8 /* de */ = {isa = PBXFileReference; lastKnownFileType = text.plist.strings; name = de; path = de.lproj/LaunchScreen.strings; sourceTree = "<group>"; };
		7E40860F2401EE6C00D50EF8 /* en */ = {isa = PBXFileReference; lastKnownFileType = text.plist.strings; name = en; path = en.lproj/Localizable.strings; sourceTree = "<group>"; };
		7E4086112401EE7400D50EF8 /* de */ = {isa = PBXFileReference; lastKnownFileType = text.plist.strings; name = de; path = de.lproj/Localizable.strings; sourceTree = "<group>"; };
		7E4C9C4823C3AA2700515E63 /* NavigationStack.swift */ = {isa = PBXFileReference; lastKnownFileType = sourcecode.swift; path = NavigationStack.swift; sourceTree = "<group>"; };
		7E4F6A1F23BB93BA00530294 /* Kurzwahl2020.entitlements */ = {isa = PBXFileReference; lastKnownFileType = text.plist.entitlements; path = Kurzwahl2020.entitlements; sourceTree = "<group>"; };
		7E5C786323E8AA3200E25902 /* ContactDetailView.swift */ = {isa = PBXFileReference; lastKnownFileType = sourcecode.swift; path = ContactDetailView.swift; sourceTree = "<group>"; };
		7E7AEC582496278D00CD1D6B /* Palette 03.md */ = {isa = PBXFileReference; lastKnownFileType = net.daringfireball.markdown; path = "Palette 03.md"; sourceTree = "<group>"; };
		7E7AEC592496285500CD1D6B /* Palette 03.html */ = {isa = PBXFileReference; lastKnownFileType = text.html; path = "Palette 03.html"; sourceTree = "<group>"; };
		7E7AEC7B2496C44700CD1D6B /* Call by Color 24.app */ = {isa = PBXFileReference; explicitFileType = wrapper.application; includeInIndex = 0; path = "Call by Color 24.app"; sourceTree = BUILT_PRODUCTS_DIR; };
		7E7AEC7C2496C44700CD1D6B /* CBC24Info.plist */ = {isa = PBXFileReference; lastKnownFileType = text.plist.xml; name = CBC24Info.plist; path = "/Users/vogel/Library/Mobile Documents/com~apple~CloudDocs/Xcode Projects/Kurzwahl2020/CBC24Info.plist"; sourceTree = "<absolute>"; };
		7E8262882413920A008E141C /* ColorConstants.swift */ = {isa = PBXFileReference; lastKnownFileType = sourcecode.swift; path = ColorConstants.swift; sourceTree = "<group>"; };
		7E88253C248C068200E9F650 /* App Store Description.md */ = {isa = PBXFileReference; lastKnownFileType = net.daringfireball.markdown; path = "App Store Description.md"; sourceTree = "<group>"; };
		7E9EEEA024812B1800990D38 /* iPhone Screen Sizes.md */ = {isa = PBXFileReference; lastKnownFileType = net.daringfireball.markdown; path = "iPhone Screen Sizes.md"; sourceTree = "<group>"; };
		7E9EEEA124812C4B00990D38 /* Launch Screen 2.storyboard */ = {isa = PBXFileReference; lastKnownFileType = file.storyboard; path = "Launch Screen 2.storyboard"; sourceTree = "<group>"; };
		7EC1B80223C100E8004B7396 /* editView.swift */ = {isa = PBXFileReference; lastKnownFileType = sourcecode.swift; path = editView.swift; sourceTree = "<group>"; };
		7EC8F975248D3308004A810F /* update_build_number.sh */ = {isa = PBXFileReference; lastKnownFileType = text.script.sh; path = update_build_number.sh; sourceTree = "<group>"; };
		7ED0B429248C4892002B7B08 /* en */ = {isa = PBXFileReference; lastKnownFileType = text.plist.strings; name = en; path = en.lproj/LaunchScreen.strings; sourceTree = "<group>"; };
/* End PBXFileReference section */

/* Begin PBXFrameworksBuildPhase section */
		502BF530236399BB00FDE7BF /* Frameworks */ = {
			isa = PBXFrameworksBuildPhase;
			buildActionMask = 2147483647;
			files = (
			);
			runOnlyForDeploymentPostprocessing = 0;
		};
		502BF546236399BD00FDE7BF /* Frameworks */ = {
			isa = PBXFrameworksBuildPhase;
			buildActionMask = 2147483647;
			files = (
			);
			runOnlyForDeploymentPostprocessing = 0;
		};
		615D991E2597D1F200C4B280 /* Frameworks */ = {
			isa = PBXFrameworksBuildPhase;
			buildActionMask = 2147483647;
			files = (
			);
			runOnlyForDeploymentPostprocessing = 0;
		};
		7E7AEC6F2496C44700CD1D6B /* Frameworks */ = {
			isa = PBXFrameworksBuildPhase;
			buildActionMask = 2147483647;
			files = (
			);
			runOnlyForDeploymentPostprocessing = 0;
		};
/* End PBXFrameworksBuildPhase section */

/* Begin PBXGroup section */
		502BF52A236399BB00FDE7BF = {
			isa = PBXGroup;
			children = (
				502BF535236399BB00FDE7BF /* Kurzwahl2020 */,
				502BF54C236399BD00FDE7BF /* Kurzwahl2020Tests */,
				615D99222597D1F200C4B280 /* CBC36 UITests */,
				502BF534236399BB00FDE7BF /* Products */,
				7E7AEC7C2496C44700CD1D6B /* CBC24Info.plist */,
			);
			sourceTree = "<group>";
		};
		502BF534236399BB00FDE7BF /* Products */ = {
			isa = PBXGroup;
			children = (
				502BF533236399BB00FDE7BF /* Call by Color 36.app */,
				502BF549236399BD00FDE7BF /* Kurzwahl2020Tests.xctest */,
				7E7AEC7B2496C44700CD1D6B /* Call by Color 24.app */,
				615D99212597D1F200C4B280 /* CBC36 UITests.xctest */,
			);
			name = Products;
			sourceTree = "<group>";
		};
		502BF535236399BB00FDE7BF /* Kurzwahl2020 */ = {
			isa = PBXGroup;
			children = (
				7E4F6A1F23BB93BA00530294 /* Kurzwahl2020.entitlements */,
				502BF536236399BB00FDE7BF /* AppDelegate.swift */,
				502BF538236399BB00FDE7BF /* SceneDelegate.swift */,
				7E3D6D0423CB997B002E4239 /* SettingsView.swift */,
				50AD8B6923D8EDEB00819FD1 /* ContactView.swift */,
				7E5C786323E8AA3200E25902 /* ContactDetailView.swift */,
				7E82628724138BE4008E141C /* Data Model */,
				7E3D6D0223CB8FD7002E4239 /* AboutView.swift */,
				50C3564E2401C4510026ABE5 /* AskForAccessToContactsView.swift */,
				505B608C240C57FB0041A592 /* ColorSelectView.swift */,
				50ADF97B240EAA3100850FB6 /* SelectColorPalette.swift */,
				613E3F7125969D4C00B69A5B /* AppStrings.swift */,
				7E4086102401EE6C00D50EF8 /* Localizable.strings */,
				7E16FDEE23D4AD92005DAAF3 /* PrivacyView.swift */,
				7EC1B80223C100E8004B7396 /* editView.swift */,
				7E4C9C4823C3AA2700515E63 /* NavigationStack.swift */,
				505F055A23C3C7E50032B776 /* HomeView.swift */,
				502BF53C236399BD00FDE7BF /* Assets.xcassets */,
				502BF541236399BD00FDE7BF /* LaunchScreen.storyboard */,
				502BF544236399BD00FDE7BF /* Info.plist */,
				502BF53E236399BD00FDE7BF /* Preview Content */,
				5094A7A52365E324004D0932 /* Notizen.rtf */,
				7EC8F975248D3308004A810F /* update_build_number.sh */,
				7E3D7D0E23B6BF2B00C0E29F /* SwiftUI Doc & Help.md */,
				7E88253C248C068200E9F650 /* App Store Description.md */,
				7E9EEEA024812B1800990D38 /* iPhone Screen Sizes.md */,
				7E7AEC5A2496287600CD1D6B /* Color Palettes */,
				7E9EEEA124812C4B00990D38 /* Launch Screen 2.storyboard */,
			);
			path = Kurzwahl2020;
			sourceTree = "<group>";
		};
		502BF53E236399BD00FDE7BF /* Preview Content */ = {
			isa = PBXGroup;
			children = (
				502BF53F236399BD00FDE7BF /* Preview Assets.xcassets */,
			);
			path = "Preview Content";
			sourceTree = "<group>";
		};
		502BF54C236399BD00FDE7BF /* Kurzwahl2020Tests */ = {
			isa = PBXGroup;
			children = (
				505F052523BDF0290032B776 /* StorageTests.swift */,
				50164488240CFC26005FA948 /* ColorManagementTests.swift */,
				7E2E0DE523E5CA0700825EC1 /* ContactTest.swift */,
				7E3D6CFE23C9D4CB002E4239 /* StoreToFileTest.swift */,
				502BF54D236399BD00FDE7BF /* Kurzwahl2020Tests.swift */,
				502BF54F236399BD00FDE7BF /* Info.plist */,
			);
			path = Kurzwahl2020Tests;
			sourceTree = "<group>";
		};
		615D99222597D1F200C4B280 /* CBC36 UITests */ = {
			isa = PBXGroup;
			children = (
				615D99232597D1F200C4B280 /* CBC36_UITests.swift */,
				619134672599172000FEBF60 /* AccessibilityLabels.swift */,
				610ECBE02599F2FC00120781 /* TimeInterval+Convenience.swift */,
				615D99252597D1F200C4B280 /* Info.plist */,
			);
			path = "CBC36 UITests";
			sourceTree = "<group>";
		};
		7E7AEC5A2496287600CD1D6B /* Color Palettes */ = {
			isa = PBXGroup;
			children = (
				7E7AEC582496278D00CD1D6B /* Palette 03.md */,
				7E7AEC592496285500CD1D6B /* Palette 03.html */,
			);
			path = "Color Palettes";
			sourceTree = "<group>";
		};
		7E82628724138BE4008E141C /* Data Model */ = {
			isa = PBXGroup;
			children = (
				50ADCF812369C135007B248B /* ColorManagement.swift */,
				7E8262882413920A008E141C /* ColorConstants.swift */,
				509989A923B9466300C19C15 /* kurzwahlModel.swift */,
				50ADCF832369C35F007B248B /* Storage.swift */,
				50C8558B23D98EC400AAB7F2 /* ModelContacts.swift */,
			);
			path = "Data Model";
			sourceTree = "<group>";
		};
/* End PBXGroup section */

/* Begin PBXNativeTarget section */
		502BF532236399BB00FDE7BF /* Call by Color 36 */ = {
			isa = PBXNativeTarget;
			buildConfigurationList = 502BF552236399BD00FDE7BF /* Build configuration list for PBXNativeTarget "Call by Color 36" */;
			buildPhases = (
				502BF52F236399BB00FDE7BF /* Sources */,
				502BF530236399BB00FDE7BF /* Frameworks */,
				502BF531236399BB00FDE7BF /* Resources */,
				7EC8F976248D336D004A810F /* ShellScript */,
			);
			buildRules = (
			);
			dependencies = (
			);
			name = "Call by Color 36";
			packageProductDependencies = (
			);
			productName = Kurzwahl2020;
			productReference = 502BF533236399BB00FDE7BF /* Call by Color 36.app */;
			productType = "com.apple.product-type.application";
		};
		502BF548236399BD00FDE7BF /* Kurzwahl2020Tests */ = {
			isa = PBXNativeTarget;
			buildConfigurationList = 502BF555236399BD00FDE7BF /* Build configuration list for PBXNativeTarget "Kurzwahl2020Tests" */;
			buildPhases = (
				502BF545236399BD00FDE7BF /* Sources */,
				502BF546236399BD00FDE7BF /* Frameworks */,
				502BF547236399BD00FDE7BF /* Resources */,
			);
			buildRules = (
			);
			dependencies = (
				502BF54B236399BD00FDE7BF /* PBXTargetDependency */,
			);
			name = Kurzwahl2020Tests;
			productName = Kurzwahl2020Tests;
			productReference = 502BF549236399BD00FDE7BF /* Kurzwahl2020Tests.xctest */;
			productType = "com.apple.product-type.bundle.unit-test";
		};
		615D99202597D1F200C4B280 /* CBC36 UITests */ = {
			isa = PBXNativeTarget;
			buildConfigurationList = 615D992A2597D1F200C4B280 /* Build configuration list for PBXNativeTarget "CBC36 UITests" */;
			buildPhases = (
				615D991D2597D1F200C4B280 /* Sources */,
				615D991E2597D1F200C4B280 /* Frameworks */,
				615D991F2597D1F200C4B280 /* Resources */,
			);
			buildRules = (
			);
			dependencies = (
				615D99272597D1F200C4B280 /* PBXTargetDependency */,
			);
			name = "CBC36 UITests";
			productName = "CBC36 UITests";
			productReference = 615D99212597D1F200C4B280 /* CBC36 UITests.xctest */;
			productType = "com.apple.product-type.bundle.ui-testing";
		};
		7E7AEC5B2496C44700CD1D6B /* Call by Color 24 */ = {
			isa = PBXNativeTarget;
			buildConfigurationList = 7E7AEC782496C44700CD1D6B /* Build configuration list for PBXNativeTarget "Call by Color 24" */;
			buildPhases = (
				7E7AEC5C2496C44700CD1D6B /* Sources */,
				7E7AEC6F2496C44700CD1D6B /* Frameworks */,
				7E7AEC702496C44700CD1D6B /* Resources */,
				7E7AEC772496C44700CD1D6B /* ShellScript */,
			);
			buildRules = (
			);
			dependencies = (
			);
			name = "Call by Color 24";
			packageProductDependencies = (
			);
			productName = Kurzwahl2020;
			productReference = 7E7AEC7B2496C44700CD1D6B /* Call by Color 24.app */;
			productType = "com.apple.product-type.application";
		};
/* End PBXNativeTarget section */

/* Begin PBXProject section */
		502BF52B236399BB00FDE7BF /* Project object */ = {
			isa = PBXProject;
			attributes = {
				LastSwiftUpdateCheck = 1230;
				LastUpgradeCheck = 1230;
				ORGANIZATIONNAME = "Vogel, Andreas";
				TargetAttributes = {
					502BF532236399BB00FDE7BF = {
						CreatedOnToolsVersion = 11.1;
					};
					502BF548236399BD00FDE7BF = {
						CreatedOnToolsVersion = 11.1;
						TestTargetID = 502BF532236399BB00FDE7BF;
					};
					615D99202597D1F200C4B280 = {
						CreatedOnToolsVersion = 12.3;
						TestTargetID = 502BF532236399BB00FDE7BF;
					};
				};
			};
			buildConfigurationList = 502BF52E236399BB00FDE7BF /* Build configuration list for PBXProject "Kurzwahl2020" */;
			compatibilityVersion = "Xcode 9.3";
			developmentRegion = en;
			hasScannedForEncodings = 0;
			knownRegions = (
				en,
				Base,
				de,
			);
			mainGroup = 502BF52A236399BB00FDE7BF;
			packageReferences = (
			);
			productRefGroup = 502BF534236399BB00FDE7BF /* Products */;
			projectDirPath = "";
			projectRoot = "";
			targets = (
				502BF532236399BB00FDE7BF /* Call by Color 36 */,
				502BF548236399BD00FDE7BF /* Kurzwahl2020Tests */,
				7E7AEC5B2496C44700CD1D6B /* Call by Color 24 */,
				615D99202597D1F200C4B280 /* CBC36 UITests */,
			);
		};
/* End PBXProject section */

/* Begin PBXResourcesBuildPhase section */
		502BF531236399BB00FDE7BF /* Resources */ = {
			isa = PBXResourcesBuildPhase;
			buildActionMask = 2147483647;
			files = (
				502BF543236399BD00FDE7BF /* LaunchScreen.storyboard in Resources */,
				502BF540236399BD00FDE7BF /* Preview Assets.xcassets in Resources */,
				7E9EEEA224812C4B00990D38 /* Launch Screen 2.storyboard in Resources */,
				7E40860E2401EE6C00D50EF8 /* Localizable.strings in Resources */,
				5094A7A62365E324004D0932 /* Notizen.rtf in Resources */,
				502BF53D236399BD00FDE7BF /* Assets.xcassets in Resources */,
			);
			runOnlyForDeploymentPostprocessing = 0;
		};
		502BF547236399BD00FDE7BF /* Resources */ = {
			isa = PBXResourcesBuildPhase;
			buildActionMask = 2147483647;
			files = (
			);
			runOnlyForDeploymentPostprocessing = 0;
		};
		615D991F2597D1F200C4B280 /* Resources */ = {
			isa = PBXResourcesBuildPhase;
			buildActionMask = 2147483647;
			files = (
				610ECBDB2599F1FB00120781 /* Localizable.strings in Resources */,
			);
			runOnlyForDeploymentPostprocessing = 0;
		};
		7E7AEC702496C44700CD1D6B /* Resources */ = {
			isa = PBXResourcesBuildPhase;
			buildActionMask = 2147483647;
			files = (
				7E7AEC712496C44700CD1D6B /* LaunchScreen.storyboard in Resources */,
				7E7AEC722496C44700CD1D6B /* Preview Assets.xcassets in Resources */,
				7E7AEC732496C44700CD1D6B /* Launch Screen 2.storyboard in Resources */,
				7E7AEC742496C44700CD1D6B /* Localizable.strings in Resources */,
				7E7AEC752496C44700CD1D6B /* Notizen.rtf in Resources */,
				7E7AEC762496C44700CD1D6B /* Assets.xcassets in Resources */,
			);
			runOnlyForDeploymentPostprocessing = 0;
		};
/* End PBXResourcesBuildPhase section */

/* Begin PBXShellScriptBuildPhase section */
		7E7AEC772496C44700CD1D6B /* ShellScript */ = {
			isa = PBXShellScriptBuildPhase;
			buildActionMask = 2147483647;
			files = (
			);
			inputFileListPaths = (
			);
			inputPaths = (
			);
			outputFileListPaths = (
			);
			outputPaths = (
			);
			runOnlyForDeploymentPostprocessing = 0;
			shellPath = /bin/sh;
			shellScript = "# Type a script or drag a script file from your workspace to insert its path.\n$HOME/Library/Mobile\\ Documents/com\\~apple\\~CloudDocs/Xcode\\ Projects/Kurzwahl2020/Kurzwahl2020/update_build_bumber.sh\n";
		};
		7EC8F976248D336D004A810F /* ShellScript */ = {
			isa = PBXShellScriptBuildPhase;
			buildActionMask = 2147483647;
			files = (
			);
			inputFileListPaths = (
			);
			inputPaths = (
			);
			outputFileListPaths = (
			);
			outputPaths = (
			);
			runOnlyForDeploymentPostprocessing = 0;
			shellPath = /bin/sh;
			shellScript = "# Type a script or drag a script file from your workspace to insert its path.\n$HOME/Library/Mobile\\ Documents/com\\~apple\\~CloudDocs/Xcode\\ Projects/Kurzwahl2020/Kurzwahl2020/update_build_bumber.sh\n";
		};
/* End PBXShellScriptBuildPhase section */

/* Begin PBXSourcesBuildPhase section */
		502BF52F236399BB00FDE7BF /* Sources */ = {
			isa = PBXSourcesBuildPhase;
			buildActionMask = 2147483647;
			files = (
				50C3564F2401C4510026ABE5 /* AskForAccessToContactsView.swift in Sources */,
				502BF537236399BB00FDE7BF /* AppDelegate.swift in Sources */,
				50ADF97C240EAA3100850FB6 /* SelectColorPalette.swift in Sources */,
				50C8558C23D98EC400AAB7F2 /* ModelContacts.swift in Sources */,
				7E16FDEF23D4AD92005DAAF3 /* PrivacyView.swift in Sources */,
				505F055B23C3C7E50032B776 /* HomeView.swift in Sources */,
				502BF539236399BB00FDE7BF /* SceneDelegate.swift in Sources */,
				7E3D6D0323CB8FD7002E4239 /* AboutView.swift in Sources */,
				7E5C786423E8AA3200E25902 /* ContactDetailView.swift in Sources */,
				50ADCF822369C135007B248B /* ColorManagement.swift in Sources */,
				50ADCF842369C35F007B248B /* Storage.swift in Sources */,
				613E3F7225969D4C00B69A5B /* AppStrings.swift in Sources */,
				505B608D240C57FB0041A592 /* ColorSelectView.swift in Sources */,
				7EC1B80323C100E8004B7396 /* editView.swift in Sources */,
				7E4C9C4923C3AA2700515E63 /* NavigationStack.swift in Sources */,
				50AD8B6A23D8EDEB00819FD1 /* ContactView.swift in Sources */,
				7E8262892413920A008E141C /* ColorConstants.swift in Sources */,
				7E3D6D0523CB997B002E4239 /* SettingsView.swift in Sources */,
				509989AA23B9466300C19C15 /* kurzwahlModel.swift in Sources */,
			);
			runOnlyForDeploymentPostprocessing = 0;
		};
		502BF545236399BD00FDE7BF /* Sources */ = {
			isa = PBXSourcesBuildPhase;
			buildActionMask = 2147483647;
			files = (
				7E2E0DE623E5CA0700825EC1 /* ContactTest.swift in Sources */,
				502BF54E236399BD00FDE7BF /* Kurzwahl2020Tests.swift in Sources */,
				50164489240CFC26005FA948 /* ColorManagementTests.swift in Sources */,
				505F052623BDF0290032B776 /* StorageTests.swift in Sources */,
				7E3D6CFF23C9D4CB002E4239 /* StoreToFileTest.swift in Sources */,
			);
			runOnlyForDeploymentPostprocessing = 0;
		};
		615D991D2597D1F200C4B280 /* Sources */ = {
			isa = PBXSourcesBuildPhase;
			buildActionMask = 2147483647;
			files = (
				610ECBD22599F09700120781 /* AppStrings.swift in Sources */,
				610ECBE12599F2FC00120781 /* TimeInterval+Convenience.swift in Sources */,
				615D99242597D1F200C4B280 /* CBC36_UITests.swift in Sources */,
				619134682599172000FEBF60 /* AccessibilityLabels.swift in Sources */,
			);
			runOnlyForDeploymentPostprocessing = 0;
		};
		7E7AEC5C2496C44700CD1D6B /* Sources */ = {
			isa = PBXSourcesBuildPhase;
			buildActionMask = 2147483647;
			files = (
				7E7AEC5D2496C44700CD1D6B /* AskForAccessToContactsView.swift in Sources */,
				7E7AEC5E2496C44700CD1D6B /* AppDelegate.swift in Sources */,
				7E7AEC5F2496C44700CD1D6B /* SelectColorPalette.swift in Sources */,
				7E7AEC602496C44700CD1D6B /* ModelContacts.swift in Sources */,
				7E7AEC612496C44700CD1D6B /* PrivacyView.swift in Sources */,
				7E7AEC622496C44700CD1D6B /* HomeView.swift in Sources */,
				7E7AEC632496C44700CD1D6B /* SceneDelegate.swift in Sources */,
				7E7AEC642496C44700CD1D6B /* AboutView.swift in Sources */,
				7E7AEC652496C44700CD1D6B /* ContactDetailView.swift in Sources */,
				7E7AEC662496C44700CD1D6B /* ColorManagement.swift in Sources */,
				7E7AEC672496C44700CD1D6B /* Storage.swift in Sources */,
				613E3F7325969D4C00B69A5B /* AppStrings.swift in Sources */,
				7E7AEC682496C44700CD1D6B /* ColorSelectView.swift in Sources */,
				7E7AEC692496C44700CD1D6B /* editView.swift in Sources */,
				7E7AEC6A2496C44700CD1D6B /* NavigationStack.swift in Sources */,
				7E7AEC6B2496C44700CD1D6B /* ContactView.swift in Sources */,
				7E7AEC6C2496C44700CD1D6B /* ColorConstants.swift in Sources */,
				7E7AEC6D2496C44700CD1D6B /* SettingsView.swift in Sources */,
				7E7AEC6E2496C44700CD1D6B /* kurzwahlModel.swift in Sources */,
			);
			runOnlyForDeploymentPostprocessing = 0;
		};
/* End PBXSourcesBuildPhase section */

/* Begin PBXTargetDependency section */
		502BF54B236399BD00FDE7BF /* PBXTargetDependency */ = {
			isa = PBXTargetDependency;
			target = 502BF532236399BB00FDE7BF /* Call by Color 36 */;
			targetProxy = 502BF54A236399BD00FDE7BF /* PBXContainerItemProxy */;
		};
		615D99272597D1F200C4B280 /* PBXTargetDependency */ = {
			isa = PBXTargetDependency;
			target = 502BF532236399BB00FDE7BF /* Call by Color 36 */;
			targetProxy = 615D99262597D1F200C4B280 /* PBXContainerItemProxy */;
		};
/* End PBXTargetDependency section */

/* Begin PBXVariantGroup section */
		502BF541236399BD00FDE7BF /* LaunchScreen.storyboard */ = {
			isa = PBXVariantGroup;
			children = (
				502BF542236399BD00FDE7BF /* Base */,
				7E40860B2401EDB000D50EF8 /* de */,
				7ED0B429248C4892002B7B08 /* en */,
			);
			name = LaunchScreen.storyboard;
			sourceTree = "<group>";
		};
		7E4086102401EE6C00D50EF8 /* Localizable.strings */ = {
			isa = PBXVariantGroup;
			children = (
				7E40860F2401EE6C00D50EF8 /* en */,
				7E4086112401EE7400D50EF8 /* de */,
			);
			name = Localizable.strings;
			sourceTree = "<group>";
		};
/* End PBXVariantGroup section */

/* Begin XCBuildConfiguration section */
		502BF550236399BD00FDE7BF /* Debug */ = {
			isa = XCBuildConfiguration;
			buildSettings = {
				ALWAYS_SEARCH_USER_PATHS = NO;
				CLANG_ANALYZER_LOCALIZABILITY_NONLOCALIZED = YES;
				CLANG_ANALYZER_NONNULL = YES;
				CLANG_ANALYZER_NUMBER_OBJECT_CONVERSION = YES_AGGRESSIVE;
				CLANG_CXX_LANGUAGE_STANDARD = "gnu++14";
				CLANG_CXX_LIBRARY = "libc++";
				CLANG_ENABLE_MODULES = YES;
				CLANG_ENABLE_OBJC_ARC = YES;
				CLANG_ENABLE_OBJC_WEAK = YES;
				CLANG_WARN_BLOCK_CAPTURE_AUTORELEASING = YES;
				CLANG_WARN_BOOL_CONVERSION = YES;
				CLANG_WARN_COMMA = YES;
				CLANG_WARN_CONSTANT_CONVERSION = YES;
				CLANG_WARN_DEPRECATED_OBJC_IMPLEMENTATIONS = YES;
				CLANG_WARN_DIRECT_OBJC_ISA_USAGE = YES_ERROR;
				CLANG_WARN_DOCUMENTATION_COMMENTS = YES;
				CLANG_WARN_EMPTY_BODY = YES;
				CLANG_WARN_ENUM_CONVERSION = YES;
				CLANG_WARN_INFINITE_RECURSION = YES;
				CLANG_WARN_INT_CONVERSION = YES;
				CLANG_WARN_NON_LITERAL_NULL_CONVERSION = YES;
				CLANG_WARN_OBJC_IMPLICIT_RETAIN_SELF = YES;
				CLANG_WARN_OBJC_LITERAL_CONVERSION = YES;
				CLANG_WARN_OBJC_ROOT_CLASS = YES_ERROR;
				CLANG_WARN_QUOTED_INCLUDE_IN_FRAMEWORK_HEADER = YES;
				CLANG_WARN_RANGE_LOOP_ANALYSIS = YES;
				CLANG_WARN_STRICT_PROTOTYPES = YES;
				CLANG_WARN_SUSPICIOUS_MOVE = YES;
				CLANG_WARN_UNGUARDED_AVAILABILITY = YES_AGGRESSIVE;
				CLANG_WARN_UNREACHABLE_CODE = YES;
				CLANG_WARN__DUPLICATE_METHOD_MATCH = YES;
				COPY_PHASE_STRIP = NO;
				DEBUG_INFORMATION_FORMAT = dwarf;
				ENABLE_STRICT_OBJC_MSGSEND = YES;
				ENABLE_TESTABILITY = YES;
				GCC_C_LANGUAGE_STANDARD = gnu11;
				GCC_DYNAMIC_NO_PIC = NO;
				GCC_NO_COMMON_BLOCKS = YES;
				GCC_OPTIMIZATION_LEVEL = 0;
				GCC_PREPROCESSOR_DEFINITIONS = (
					"DEBUG=1",
					"$(inherited)",
				);
				GCC_WARN_64_TO_32_BIT_CONVERSION = YES;
				GCC_WARN_ABOUT_RETURN_TYPE = YES_ERROR;
				GCC_WARN_UNDECLARED_SELECTOR = YES;
				GCC_WARN_UNINITIALIZED_AUTOS = YES_AGGRESSIVE;
				GCC_WARN_UNUSED_FUNCTION = YES;
				GCC_WARN_UNUSED_VARIABLE = YES;
				IPHONEOS_DEPLOYMENT_TARGET = 13.1;
				MTL_ENABLE_DEBUG_INFO = INCLUDE_SOURCE;
				MTL_FAST_MATH = YES;
				ONLY_ACTIVE_ARCH = YES;
				SDKROOT = iphoneos;
				SWIFT_ACTIVE_COMPILATION_CONDITIONS = DEBUG;
				SWIFT_OPTIMIZATION_LEVEL = "-Onone";
			};
			name = Debug;
		};
		502BF551236399BD00FDE7BF /* Release */ = {
			isa = XCBuildConfiguration;
			buildSettings = {
				ALWAYS_SEARCH_USER_PATHS = NO;
				CLANG_ANALYZER_LOCALIZABILITY_NONLOCALIZED = YES;
				CLANG_ANALYZER_NONNULL = YES;
				CLANG_ANALYZER_NUMBER_OBJECT_CONVERSION = YES_AGGRESSIVE;
				CLANG_CXX_LANGUAGE_STANDARD = "gnu++14";
				CLANG_CXX_LIBRARY = "libc++";
				CLANG_ENABLE_MODULES = YES;
				CLANG_ENABLE_OBJC_ARC = YES;
				CLANG_ENABLE_OBJC_WEAK = YES;
				CLANG_WARN_BLOCK_CAPTURE_AUTORELEASING = YES;
				CLANG_WARN_BOOL_CONVERSION = YES;
				CLANG_WARN_COMMA = YES;
				CLANG_WARN_CONSTANT_CONVERSION = YES;
				CLANG_WARN_DEPRECATED_OBJC_IMPLEMENTATIONS = YES;
				CLANG_WARN_DIRECT_OBJC_ISA_USAGE = YES_ERROR;
				CLANG_WARN_DOCUMENTATION_COMMENTS = YES;
				CLANG_WARN_EMPTY_BODY = YES;
				CLANG_WARN_ENUM_CONVERSION = YES;
				CLANG_WARN_INFINITE_RECURSION = YES;
				CLANG_WARN_INT_CONVERSION = YES;
				CLANG_WARN_NON_LITERAL_NULL_CONVERSION = YES;
				CLANG_WARN_OBJC_IMPLICIT_RETAIN_SELF = YES;
				CLANG_WARN_OBJC_LITERAL_CONVERSION = YES;
				CLANG_WARN_OBJC_ROOT_CLASS = YES_ERROR;
				CLANG_WARN_QUOTED_INCLUDE_IN_FRAMEWORK_HEADER = YES;
				CLANG_WARN_RANGE_LOOP_ANALYSIS = YES;
				CLANG_WARN_STRICT_PROTOTYPES = YES;
				CLANG_WARN_SUSPICIOUS_MOVE = YES;
				CLANG_WARN_UNGUARDED_AVAILABILITY = YES_AGGRESSIVE;
				CLANG_WARN_UNREACHABLE_CODE = YES;
				CLANG_WARN__DUPLICATE_METHOD_MATCH = YES;
				COPY_PHASE_STRIP = NO;
				DEBUG_INFORMATION_FORMAT = "dwarf-with-dsym";
				ENABLE_NS_ASSERTIONS = NO;
				ENABLE_STRICT_OBJC_MSGSEND = YES;
				GCC_C_LANGUAGE_STANDARD = gnu11;
				GCC_NO_COMMON_BLOCKS = YES;
				GCC_WARN_64_TO_32_BIT_CONVERSION = YES;
				GCC_WARN_ABOUT_RETURN_TYPE = YES_ERROR;
				GCC_WARN_UNDECLARED_SELECTOR = YES;
				GCC_WARN_UNINITIALIZED_AUTOS = YES_AGGRESSIVE;
				GCC_WARN_UNUSED_FUNCTION = YES;
				GCC_WARN_UNUSED_VARIABLE = YES;
				IPHONEOS_DEPLOYMENT_TARGET = 13.1;
				MTL_ENABLE_DEBUG_INFO = NO;
				MTL_FAST_MATH = YES;
				SDKROOT = iphoneos;
				SWIFT_COMPILATION_MODE = wholemodule;
				SWIFT_OPTIMIZATION_LEVEL = "-O";
				VALIDATE_PRODUCT = YES;
			};
			name = Release;
		};
		502BF553236399BD00FDE7BF /* Debug */ = {
			isa = XCBuildConfiguration;
			buildSettings = {
				ASSETCATALOG_COMPILER_APPICON_NAME = AppIconCBC36;
				CODE_SIGN_ENTITLEMENTS = Kurzwahl2020/Kurzwahl2020.entitlements;
				CODE_SIGN_STYLE = Automatic;
				CURRENT_PROJECT_VERSION = 1.1.1;
				DEVELOPMENT_ASSET_PATHS = "\"Kurzwahl2020/Preview Content\"";
				DEVELOPMENT_TEAM = 38NDJTMNK5;
				ENABLE_PREVIEWS = YES;
				INFOPLIST_FILE = Kurzwahl2020/Info.plist;
				IPHONEOS_DEPLOYMENT_TARGET = 13.0;
				LD_RUNPATH_SEARCH_PATHS = (
					"$(inherited)",
					"@executable_path/Frameworks",
				);
				MARKETING_VERSION = 1.1.0;
				OTHER_SWIFT_FLAGS = "-DCBC36";
				PRODUCT_BUNDLE_IDENTIFIER = org.tcfos.cbc36;
				PRODUCT_NAME = "Call by Color 36";
				SWIFT_VERSION = 5.0;
				TARGETED_DEVICE_FAMILY = 1;
			};
			name = Debug;
		};
		502BF554236399BD00FDE7BF /* Release */ = {
			isa = XCBuildConfiguration;
			buildSettings = {
				ASSETCATALOG_COMPILER_APPICON_NAME = AppIconCBC36;
				CODE_SIGN_ENTITLEMENTS = Kurzwahl2020/Kurzwahl2020.entitlements;
				CODE_SIGN_STYLE = Automatic;
				CURRENT_PROJECT_VERSION = 1.1.1;
				DEVELOPMENT_ASSET_PATHS = "\"Kurzwahl2020/Preview Content\"";
				DEVELOPMENT_TEAM = 38NDJTMNK5;
				ENABLE_PREVIEWS = YES;
				INFOPLIST_FILE = Kurzwahl2020/Info.plist;
				IPHONEOS_DEPLOYMENT_TARGET = 13.0;
				LD_RUNPATH_SEARCH_PATHS = (
					"$(inherited)",
					"@executable_path/Frameworks",
				);
				MARKETING_VERSION = 1.1.0;
				OTHER_SWIFT_FLAGS = "-DCBC36";
				PRODUCT_BUNDLE_IDENTIFIER = org.tcfos.cbc36;
				PRODUCT_NAME = "Call by Color 36";
				SWIFT_VERSION = 5.0;
				TARGETED_DEVICE_FAMILY = 1;
			};
			name = Release;
		};
		502BF556236399BD00FDE7BF /* Debug */ = {
			isa = XCBuildConfiguration;
			buildSettings = {
				ALWAYS_EMBED_SWIFT_STANDARD_LIBRARIES = YES;
				BUNDLE_LOADER = "$(TEST_HOST)";
				CODE_SIGN_STYLE = Automatic;
				DEVELOPMENT_TEAM = 38NDJTMNK5;
				INFOPLIST_FILE = Kurzwahl2020Tests/Info.plist;
				IPHONEOS_DEPLOYMENT_TARGET = 13.1;
				LD_RUNPATH_SEARCH_PATHS = (
					"$(inherited)",
					"@executable_path/Frameworks",
					"@loader_path/Frameworks",
				);
				PRODUCT_BUNDLE_IDENTIFIER = org.tcfos.Kurzwahl2020Tests;
				PRODUCT_NAME = "$(TARGET_NAME)";
				SWIFT_VERSION = 5.0;
				TARGETED_DEVICE_FAMILY = "1,2";
				TEST_HOST = "$(BUILT_PRODUCTS_DIR)/Call by Color 36.app/Call by Color 36";
			};
			name = Debug;
		};
		502BF557236399BD00FDE7BF /* Release */ = {
			isa = XCBuildConfiguration;
			buildSettings = {
				ALWAYS_EMBED_SWIFT_STANDARD_LIBRARIES = YES;
				BUNDLE_LOADER = "$(TEST_HOST)";
				CODE_SIGN_STYLE = Automatic;
				DEVELOPMENT_TEAM = 38NDJTMNK5;
				INFOPLIST_FILE = Kurzwahl2020Tests/Info.plist;
				IPHONEOS_DEPLOYMENT_TARGET = 13.1;
				LD_RUNPATH_SEARCH_PATHS = (
					"$(inherited)",
					"@executable_path/Frameworks",
					"@loader_path/Frameworks",
				);
				PRODUCT_BUNDLE_IDENTIFIER = org.tcfos.Kurzwahl2020Tests;
				PRODUCT_NAME = "$(TARGET_NAME)";
				SWIFT_VERSION = 5.0;
				TARGETED_DEVICE_FAMILY = "1,2";
				TEST_HOST = "$(BUILT_PRODUCTS_DIR)/Call by Color 36.app/Call by Color 36";
			};
			name = Release;
		};
		615D99282597D1F200C4B280 /* Debug */ = {
			isa = XCBuildConfiguration;
			buildSettings = {
				CODE_SIGN_STYLE = Automatic;
				DEVELOPMENT_TEAM = 38NDJTMNK5;
				INFOPLIST_FILE = "CBC36 UITests/Info.plist";
				IPHONEOS_DEPLOYMENT_TARGET = 14.3;
				LD_RUNPATH_SEARCH_PATHS = (
					"$(inherited)",
					"@executable_path/Frameworks",
					"@loader_path/Frameworks",
				);
				PRODUCT_BUNDLE_IDENTIFIER = "com.tcfos.CBC36-UITests";
				PRODUCT_NAME = "$(TARGET_NAME)";
				SWIFT_VERSION = 5.0;
				TARGETED_DEVICE_FAMILY = "1,2";
				TEST_TARGET_NAME = "Call by Color 36";
			};
			name = Debug;
		};
		615D99292597D1F200C4B280 /* Release */ = {
			isa = XCBuildConfiguration;
			buildSettings = {
				CODE_SIGN_STYLE = Automatic;
				DEVELOPMENT_TEAM = 38NDJTMNK5;
				INFOPLIST_FILE = "CBC36 UITests/Info.plist";
				IPHONEOS_DEPLOYMENT_TARGET = 14.3;
				LD_RUNPATH_SEARCH_PATHS = (
					"$(inherited)",
					"@executable_path/Frameworks",
					"@loader_path/Frameworks",
				);
				PRODUCT_BUNDLE_IDENTIFIER = "com.tcfos.CBC36-UITests";
				PRODUCT_NAME = "$(TARGET_NAME)";
				SWIFT_VERSION = 5.0;
				TARGETED_DEVICE_FAMILY = "1,2";
				TEST_TARGET_NAME = "Call by Color 36";
			};
			name = Release;
		};
		7E7AEC792496C44700CD1D6B /* Debug */ = {
			isa = XCBuildConfiguration;
			buildSettings = {
				ASSETCATALOG_COMPILER_APPICON_NAME = AppIconCBC24;
				CODE_SIGN_ENTITLEMENTS = Kurzwahl2020/Kurzwahl2020.entitlements;
				CODE_SIGN_STYLE = Automatic;
				CURRENT_PROJECT_VERSION = 323;
				DEVELOPMENT_ASSET_PATHS = "\"Kurzwahl2020/Preview Content\"";
				DEVELOPMENT_TEAM = 38NDJTMNK5;
				ENABLE_PREVIEWS = YES;
				INFOPLIST_FILE = CBC24Info.plist;
				IPHONEOS_DEPLOYMENT_TARGET = 13.0;
				LD_RUNPATH_SEARCH_PATHS = (
					"$(inherited)",
					"@executable_path/Frameworks",
				);
				MARKETING_VERSION = 1.0.0;
				OTHER_SWIFT_FLAGS = "-DCBC24";
				PRODUCT_BUNDLE_IDENTIFIER = org.tcfos.cbc24;
				PRODUCT_NAME = "$(TARGET_NAME)";
				SWIFT_VERSION = 5.0;
				TARGETED_DEVICE_FAMILY = 1;
			};
			name = Debug;
		};
		7E7AEC7A2496C44700CD1D6B /* Release */ = {
			isa = XCBuildConfiguration;
			buildSettings = {
				ASSETCATALOG_COMPILER_APPICON_NAME = AppIconCBC24;
				CODE_SIGN_ENTITLEMENTS = Kurzwahl2020/Kurzwahl2020.entitlements;
				CODE_SIGN_STYLE = Automatic;
				CURRENT_PROJECT_VERSION = 323;
				DEVELOPMENT_ASSET_PATHS = "\"Kurzwahl2020/Preview Content\"";
				DEVELOPMENT_TEAM = 38NDJTMNK5;
				ENABLE_PREVIEWS = YES;
				INFOPLIST_FILE = CBC24Info.plist;
				IPHONEOS_DEPLOYMENT_TARGET = 13.0;
				LD_RUNPATH_SEARCH_PATHS = (
					"$(inherited)",
					"@executable_path/Frameworks",
				);
				MARKETING_VERSION = 1.0.0;
				OTHER_SWIFT_FLAGS = "-DCBC24";
				PRODUCT_BUNDLE_IDENTIFIER = org.tcfos.cbc24;
				PRODUCT_NAME = "$(TARGET_NAME)";
				SWIFT_VERSION = 5.0;
				TARGETED_DEVICE_FAMILY = 1;
			};
			name = Release;
		};
/* End XCBuildConfiguration section */

/* Begin XCConfigurationList section */
		502BF52E236399BB00FDE7BF /* Build configuration list for PBXProject "Kurzwahl2020" */ = {
			isa = XCConfigurationList;
			buildConfigurations = (
				502BF550236399BD00FDE7BF /* Debug */,
				502BF551236399BD00FDE7BF /* Release */,
			);
			defaultConfigurationIsVisible = 0;
			defaultConfigurationName = Release;
		};
		502BF552236399BD00FDE7BF /* Build configuration list for PBXNativeTarget "Call by Color 36" */ = {
			isa = XCConfigurationList;
			buildConfigurations = (
				502BF553236399BD00FDE7BF /* Debug */,
				502BF554236399BD00FDE7BF /* Release */,
			);
			defaultConfigurationIsVisible = 0;
			defaultConfigurationName = Release;
		};
		502BF555236399BD00FDE7BF /* Build configuration list for PBXNativeTarget "Kurzwahl2020Tests" */ = {
			isa = XCConfigurationList;
			buildConfigurations = (
				502BF556236399BD00FDE7BF /* Debug */,
				502BF557236399BD00FDE7BF /* Release */,
			);
			defaultConfigurationIsVisible = 0;
			defaultConfigurationName = Release;
		};
		615D992A2597D1F200C4B280 /* Build configuration list for PBXNativeTarget "CBC36 UITests" */ = {
			isa = XCConfigurationList;
			buildConfigurations = (
				615D99282597D1F200C4B280 /* Debug */,
				615D99292597D1F200C4B280 /* Release */,
			);
			defaultConfigurationIsVisible = 0;
			defaultConfigurationName = Release;
		};
		7E7AEC782496C44700CD1D6B /* Build configuration list for PBXNativeTarget "Call by Color 24" */ = {
			isa = XCConfigurationList;
			buildConfigurations = (
				7E7AEC792496C44700CD1D6B /* Debug */,
				7E7AEC7A2496C44700CD1D6B /* Release */,
			);
			defaultConfigurationIsVisible = 0;
			defaultConfigurationName = Release;
		};
/* End XCConfigurationList section */
	};
	rootObject = 502BF52B236399BB00FDE7BF /* Project object */;
}
